
Microsoft Visual Studio Solution File, Format Version 12.00
# Visual Studio 14
VisualStudioVersion = 14.0.25420.1
MinimumVisualStudioVersion = 10.0.40219.1
Project("{FAE04EC0-301F-11D3-BF4B-00C04F79EFBC}") = "UI", "Source\UI\UI.csproj", "{960D6AE0-E6AE-4241-AB88-85532666AA84}"
EndProject
Project("{FAE04EC0-301F-11D3-BF4B-00C04F79EFBC}") = "BusinessLogic", "Source\BusinessLogic\BusinessLogic.csproj", "{B1184B6A-9C68-48B6-814C-0667B69F89D2}"
EndProject
Project("{FAE04EC0-301F-11D3-BF4B-00C04F79EFBC}") = "BusinessLogic.Tests", "Tests\BusinessLogic.Tests\BusinessLogic.Tests.csproj", "{F58E10C5-089C-48A0-9D4F-1F932268A5B7}"
EndProject
Project("{FAE04EC0-301F-11D3-BF4B-00C04F79EFBC}") = "UI.Tests", "Tests\UI.Tests\UI.Tests.csproj", "{94D48899-B24B-42CE-B3D3-0D1F89D0E515}"
EndProject
Project("{2150E333-8FDC-42A3-9474-1A3956D46DE8}") = ".nuget", ".nuget", "{0F24A62C-DB46-43AB-8E85-7255478EE4DA}"
	ProjectSection(SolutionItems) = preProject
		.nuget\NuGet.Config = .nuget\NuGet.Config
		.nuget\NuGet.exe = .nuget\NuGet.exe
		.nuget\NuGet.targets = .nuget\NuGet.targets
	EndProjectSection
EndProject
Project("{2150E333-8FDC-42A3-9474-1A3956D46DE8}") = "Solution Items", "Solution Items", "{0D3237EF-CD60-42C4-BADD-F6AF8A7D9205}"
	ProjectSection(SolutionItems) = preProject
		WebEssentials-Settings.json = WebEssentials-Settings.json
	EndProjectSection
EndProject
Project("{2150E333-8FDC-42A3-9474-1A3956D46DE8}") = "Tests", "Tests", "{7503F641-5B66-4BEF-AFB3-07AB8685D459}"
EndProject
Project("{FAE04EC0-301F-11D3-BF4B-00C04F79EFBC}") = "BoardGameGeekApiClient", "Source\BoardGameGeekApiClient\BoardGameGeekApiClient.csproj", "{D4EFACF4-B72B-4395-89BF-4CAA9A33C427}"
EndProject
Project("{FAE04EC0-301F-11D3-BF4B-00C04F79EFBC}") = "BoardGameGeekApiClient.Tests", "Tests\BoardGameGeekApiClient.Tests\BoardGameGeekApiClient.Tests.csproj", "{7FF19E35-5D9D-4F67-8BB7-9026DE97E43E}"
EndProject
Project("{FAE04EC0-301F-11D3-BF4B-00C04F79EFBC}") = "NemeStats.IoC", "Source\NemeStats.IoC\NemeStats.IoC.csproj", "{B8AF7353-C741-4E61-BED4-0EB603D0C3C0}"
EndProject
Project("{FAE04EC0-301F-11D3-BF4B-00C04F79EFBC}") = "NemeStats.Hubs", "Source\NemeStats.Hubs\NemeStats.Hubs.csproj", "{036E186C-4A61-4A8F-935B-3D7DF1B7C4A6}"
EndProject
Project("{FAE04EC0-301F-11D3-BF4B-00C04F79EFBC}") = "NemeStats.ScheduledJobs", "Source\NemeStats.ScheduledJobs\NemeStats.ScheduledJobs.csproj", "{0605091D-F9BC-4AAE-B174-DB989F6C068F}"
EndProject
Project("{FAE04EC0-301F-11D3-BF4B-00C04F79EFBC}") = "NemeStats.ScheduledJobs.Tests", "Tests\NemeStats.ScheduledJobs.Tests\NemeStats.ScheduledJobs.Tests\NemeStats.ScheduledJobs.Tests.csproj", "{F552198C-8177-4C98-8339-2EF1D513291B}"
EndProject
Project("{FAE04EC0-301F-11D3-BF4B-00C04F79EFBC}") = "NemeStats.TestingHelpers", "NemeStats.TestingHelpers\NemeStats.TestingHelpers.csproj", "{025A287A-14D5-4F5D-A476-5D2FE1B5FBB3}"
EndProject
Global
	GlobalSection(SolutionConfigurationPlatforms) = preSolution
		Debug|Any CPU = Debug|Any CPU
		Jake|Any CPU = Jake|Any CPU
		Release|Any CPU = Release|Any CPU
		Tosho|Any CPU = Tosho|Any CPU
	EndGlobalSection
	GlobalSection(ProjectConfigurationPlatforms) = postSolution
		{960D6AE0-E6AE-4241-AB88-85532666AA84}.Debug|Any CPU.ActiveCfg = Debug|Any CPU
		{960D6AE0-E6AE-4241-AB88-85532666AA84}.Debug|Any CPU.Build.0 = Debug|Any CPU
		{960D6AE0-E6AE-4241-AB88-85532666AA84}.Jake|Any CPU.ActiveCfg = Jake|Any CPU
		{960D6AE0-E6AE-4241-AB88-85532666AA84}.Jake|Any CPU.Build.0 = Jake|Any CPU
		{960D6AE0-E6AE-4241-AB88-85532666AA84}.Release|Any CPU.ActiveCfg = Release|Any CPU
		{960D6AE0-E6AE-4241-AB88-85532666AA84}.Release|Any CPU.Build.0 = Release|Any CPU
		{960D6AE0-E6AE-4241-AB88-85532666AA84}.Tosho|Any CPU.ActiveCfg = Tosho|Any CPU
		{960D6AE0-E6AE-4241-AB88-85532666AA84}.Tosho|Any CPU.Build.0 = Tosho|Any CPU
		{B1184B6A-9C68-48B6-814C-0667B69F89D2}.Debug|Any CPU.ActiveCfg = Debug|Any CPU
		{B1184B6A-9C68-48B6-814C-0667B69F89D2}.Debug|Any CPU.Build.0 = Debug|Any CPU
		{B1184B6A-9C68-48B6-814C-0667B69F89D2}.Jake|Any CPU.ActiveCfg = Jake|Any CPU
		{B1184B6A-9C68-48B6-814C-0667B69F89D2}.Jake|Any CPU.Build.0 = Jake|Any CPU
		{B1184B6A-9C68-48B6-814C-0667B69F89D2}.Release|Any CPU.ActiveCfg = Release|Any CPU
		{B1184B6A-9C68-48B6-814C-0667B69F89D2}.Release|Any CPU.Build.0 = Release|Any CPU
		{B1184B6A-9C68-48B6-814C-0667B69F89D2}.Tosho|Any CPU.ActiveCfg = Release|Any CPU
		{B1184B6A-9C68-48B6-814C-0667B69F89D2}.Tosho|Any CPU.Build.0 = Release|Any CPU
		{F58E10C5-089C-48A0-9D4F-1F932268A5B7}.Debug|Any CPU.ActiveCfg = Debug|Any CPU
		{F58E10C5-089C-48A0-9D4F-1F932268A5B7}.Debug|Any CPU.Build.0 = Debug|Any CPU
		{F58E10C5-089C-48A0-9D4F-1F932268A5B7}.Jake|Any CPU.ActiveCfg = Jake|Any CPU
		{F58E10C5-089C-48A0-9D4F-1F932268A5B7}.Jake|Any CPU.Build.0 = Jake|Any CPU
		{F58E10C5-089C-48A0-9D4F-1F932268A5B7}.Release|Any CPU.ActiveCfg = Release|Any CPU
		{F58E10C5-089C-48A0-9D4F-1F932268A5B7}.Release|Any CPU.Build.0 = Release|Any CPU
		{F58E10C5-089C-48A0-9D4F-1F932268A5B7}.Tosho|Any CPU.ActiveCfg = Release|Any CPU
		{F58E10C5-089C-48A0-9D4F-1F932268A5B7}.Tosho|Any CPU.Build.0 = Release|Any CPU
		{94D48899-B24B-42CE-B3D3-0D1F89D0E515}.Debug|Any CPU.ActiveCfg = Debug|Any CPU
		{94D48899-B24B-42CE-B3D3-0D1F89D0E515}.Debug|Any CPU.Build.0 = Debug|Any CPU
		{94D48899-B24B-42CE-B3D3-0D1F89D0E515}.Jake|Any CPU.ActiveCfg = Jake|Any CPU
		{94D48899-B24B-42CE-B3D3-0D1F89D0E515}.Jake|Any CPU.Build.0 = Jake|Any CPU
		{94D48899-B24B-42CE-B3D3-0D1F89D0E515}.Release|Any CPU.ActiveCfg = Release|Any CPU
		{94D48899-B24B-42CE-B3D3-0D1F89D0E515}.Release|Any CPU.Build.0 = Release|Any CPU
		{94D48899-B24B-42CE-B3D3-0D1F89D0E515}.Tosho|Any CPU.ActiveCfg = Release|Any CPU
		{94D48899-B24B-42CE-B3D3-0D1F89D0E515}.Tosho|Any CPU.Build.0 = Release|Any CPU
		{D4EFACF4-B72B-4395-89BF-4CAA9A33C427}.Debug|Any CPU.ActiveCfg = Debug|Any CPU
		{D4EFACF4-B72B-4395-89BF-4CAA9A33C427}.Debug|Any CPU.Build.0 = Debug|Any CPU
		{D4EFACF4-B72B-4395-89BF-4CAA9A33C427}.Jake|Any CPU.ActiveCfg = Release|Any CPU
		{D4EFACF4-B72B-4395-89BF-4CAA9A33C427}.Jake|Any CPU.Build.0 = Release|Any CPU
		{D4EFACF4-B72B-4395-89BF-4CAA9A33C427}.Release|Any CPU.ActiveCfg = Release|Any CPU
		{D4EFACF4-B72B-4395-89BF-4CAA9A33C427}.Release|Any CPU.Build.0 = Release|Any CPU
		{D4EFACF4-B72B-4395-89BF-4CAA9A33C427}.Tosho|Any CPU.ActiveCfg = Release|Any CPU
		{D4EFACF4-B72B-4395-89BF-4CAA9A33C427}.Tosho|Any CPU.Build.0 = Release|Any CPU
		{7FF19E35-5D9D-4F67-8BB7-9026DE97E43E}.Debug|Any CPU.ActiveCfg = Debug|Any CPU
		{7FF19E35-5D9D-4F67-8BB7-9026DE97E43E}.Debug|Any CPU.Build.0 = Debug|Any CPU
		{7FF19E35-5D9D-4F67-8BB7-9026DE97E43E}.Jake|Any CPU.ActiveCfg = Release|Any CPU
		{7FF19E35-5D9D-4F67-8BB7-9026DE97E43E}.Jake|Any CPU.Build.0 = Release|Any CPU
		{7FF19E35-5D9D-4F67-8BB7-9026DE97E43E}.Release|Any CPU.ActiveCfg = Release|Any CPU
		{7FF19E35-5D9D-4F67-8BB7-9026DE97E43E}.Release|Any CPU.Build.0 = Release|Any CPU
		{7FF19E35-5D9D-4F67-8BB7-9026DE97E43E}.Tosho|Any CPU.ActiveCfg = Release|Any CPU
		{7FF19E35-5D9D-4F67-8BB7-9026DE97E43E}.Tosho|Any CPU.Build.0 = Release|Any CPU
		{B8AF7353-C741-4E61-BED4-0EB603D0C3C0}.Debug|Any CPU.ActiveCfg = Debug|Any CPU
		{B8AF7353-C741-4E61-BED4-0EB603D0C3C0}.Debug|Any CPU.Build.0 = Debug|Any CPU
		{B8AF7353-C741-4E61-BED4-0EB603D0C3C0}.Jake|Any CPU.ActiveCfg = Release|Any CPU
		{B8AF7353-C741-4E61-BED4-0EB603D0C3C0}.Jake|Any CPU.Build.0 = Release|Any CPU
		{B8AF7353-C741-4E61-BED4-0EB603D0C3C0}.Release|Any CPU.ActiveCfg = Release|Any CPU
		{B8AF7353-C741-4E61-BED4-0EB603D0C3C0}.Release|Any CPU.Build.0 = Release|Any CPU
		{B8AF7353-C741-4E61-BED4-0EB603D0C3C0}.Tosho|Any CPU.ActiveCfg = Release|Any CPU
		{B8AF7353-C741-4E61-BED4-0EB603D0C3C0}.Tosho|Any CPU.Build.0 = Release|Any CPU
		{036E186C-4A61-4A8F-935B-3D7DF1B7C4A6}.Debug|Any CPU.ActiveCfg = Debug|Any CPU
		{036E186C-4A61-4A8F-935B-3D7DF1B7C4A6}.Debug|Any CPU.Build.0 = Debug|Any CPU
		{036E186C-4A61-4A8F-935B-3D7DF1B7C4A6}.Jake|Any CPU.ActiveCfg = Release|Any CPU
		{036E186C-4A61-4A8F-935B-3D7DF1B7C4A6}.Jake|Any CPU.Build.0 = Release|Any CPU
		{036E186C-4A61-4A8F-935B-3D7DF1B7C4A6}.Release|Any CPU.ActiveCfg = Release|Any CPU
		{036E186C-4A61-4A8F-935B-3D7DF1B7C4A6}.Release|Any CPU.Build.0 = Release|Any CPU
		{036E186C-4A61-4A8F-935B-3D7DF1B7C4A6}.Tosho|Any CPU.ActiveCfg = Release|Any CPU
		{036E186C-4A61-4A8F-935B-3D7DF1B7C4A6}.Tosho|Any CPU.Build.0 = Release|Any CPU
		{0605091D-F9BC-4AAE-B174-DB989F6C068F}.Debug|Any CPU.ActiveCfg = Debug|Any CPU
		{0605091D-F9BC-4AAE-B174-DB989F6C068F}.Debug|Any CPU.Build.0 = Debug|Any CPU
		{0605091D-F9BC-4AAE-B174-DB989F6C068F}.Jake|Any CPU.ActiveCfg = Release|Any CPU
		{0605091D-F9BC-4AAE-B174-DB989F6C068F}.Jake|Any CPU.Build.0 = Release|Any CPU
		{0605091D-F9BC-4AAE-B174-DB989F6C068F}.Release|Any CPU.ActiveCfg = Release|Any CPU
		{0605091D-F9BC-4AAE-B174-DB989F6C068F}.Release|Any CPU.Build.0 = Release|Any CPU
		{0605091D-F9BC-4AAE-B174-DB989F6C068F}.Tosho|Any CPU.ActiveCfg = Release|Any CPU
		{0605091D-F9BC-4AAE-B174-DB989F6C068F}.Tosho|Any CPU.Build.0 = Release|Any CPU
		{F552198C-8177-4C98-8339-2EF1D513291B}.Debug|Any CPU.ActiveCfg = Debug|Any CPU
		{F552198C-8177-4C98-8339-2EF1D513291B}.Debug|Any CPU.Build.0 = Debug|Any CPU
		{F552198C-8177-4C98-8339-2EF1D513291B}.Jake|Any CPU.ActiveCfg = Release|Any CPU
		{F552198C-8177-4C98-8339-2EF1D513291B}.Jake|Any CPU.Build.0 = Release|Any CPU
		{F552198C-8177-4C98-8339-2EF1D513291B}.Release|Any CPU.ActiveCfg = Release|Any CPU
		{F552198C-8177-4C98-8339-2EF1D513291B}.Release|Any CPU.Build.0 = Release|Any CPU
		{F552198C-8177-4C98-8339-2EF1D513291B}.Tosho|Any CPU.ActiveCfg = Release|Any CPU
		{F552198C-8177-4C98-8339-2EF1D513291B}.Tosho|Any CPU.Build.0 = Release|Any CPU
		{025A287A-14D5-4F5D-A476-5D2FE1B5FBB3}.Debug|Any CPU.ActiveCfg = Debug|Any CPU
		{025A287A-14D5-4F5D-A476-5D2FE1B5FBB3}.Debug|Any CPU.Build.0 = Debug|Any CPU
		{025A287A-14D5-4F5D-A476-5D2FE1B5FBB3}.Jake|Any CPU.ActiveCfg = Release|Any CPU
		{025A287A-14D5-4F5D-A476-5D2FE1B5FBB3}.Jake|Any CPU.Build.0 = Release|Any CPU
		{025A287A-14D5-4F5D-A476-5D2FE1B5FBB3}.Release|Any CPU.ActiveCfg = Release|Any CPU
		{025A287A-14D5-4F5D-A476-5D2FE1B5FBB3}.Release|Any CPU.Build.0 = Release|Any CPU
		{025A287A-14D5-4F5D-A476-5D2FE1B5FBB3}.Tosho|Any CPU.ActiveCfg = Release|Any CPU
		{025A287A-14D5-4F5D-A476-5D2FE1B5FBB3}.Tosho|Any CPU.Build.0 = Release|Any CPU
	EndGlobalSection
	GlobalSection(SolutionProperties) = preSolution
		HideSolutionNode = FALSE
	EndGlobalSection
	GlobalSection(NestedProjects) = preSolution
		{F58E10C5-089C-48A0-9D4F-1F932268A5B7} = {7503F641-5B66-4BEF-AFB3-07AB8685D459}
		{94D48899-B24B-42CE-B3D3-0D1F89D0E515} = {7503F641-5B66-4BEF-AFB3-07AB8685D459}
		{7FF19E35-5D9D-4F67-8BB7-9026DE97E43E} = {7503F641-5B66-4BEF-AFB3-07AB8685D459}
		{F552198C-8177-4C98-8339-2EF1D513291B} = {7503F641-5B66-4BEF-AFB3-07AB8685D459}
		{025A287A-14D5-4F5D-A476-5D2FE1B5FBB3} = {7503F641-5B66-4BEF-AFB3-07AB8685D459}
	EndGlobalSection
	GlobalSection(ExtensibilityGlobals) = postSolution
		EnterpriseLibraryConfigurationToolBinariesPathV6 = packages\EnterpriseLibrary.TransientFaultHandling.6.0.1304.0\lib\portable-net45+win+wp8
	EndGlobalSection
EndGlobal
